
Microsoft Visual Studio Solution File, Format Version 12.00
# Visual Studio Version 17
VisualStudioVersion = 17.10.35027.167
MinimumVisualStudioVersion = 10.0.40219.1
Project("{FAE04EC0-301F-11D3-BF4B-00C04F79EFBC}") = "Count Same Values in Array", "Count Same Values in Array\Count Same Values in Array.csproj", "{2B5C2F95-55B8-4B3D-92F9-CF4C9F635601}"
EndProject
Global
	GlobalSection(SolutionConfigurationPlatforms) = preSolution
		Debug|Any CPU = Debug|Any CPU
		Release|Any CPU = Release|Any CPU
	EndGlobalSection
	GlobalSection(ProjectConfigurationPlatforms) = postSolution
		{2B5C2F95-55B8-4B3D-92F9-CF4C9F635601}.Debug|Any CPU.ActiveCfg = Debug|Any CPU
		{2B5C2F95-55B8-4B3D-92F9-CF4C9F635601}.Debug|Any CPU.Build.0 = Debug|Any CPU
		{2B5C2F95-55B8-4B3D-92F9-CF4C9F635601}.Release|Any CPU.ActiveCfg = Release|Any CPU
		{2B5C2F95-55B8-4B3D-92F9-CF4C9F635601}.Release|Any CPU.Build.0 = Release|Any CPU
	EndGlobalSection
	GlobalSection(SolutionProperties) = preSolution
		HideSolutionNode = FALSE
	EndGlobalSection
	GlobalSection(ExtensibilityGlobals) = postSolution
		SolutionGuid = {6A1D4EEE-BEB3-4DC9-8482-ABCD706985A5}
	EndGlobalSection
EndGlobal
