
Microsoft Visual Studio Solution File, Format Version 12.00
# Visual Studio Version 17
VisualStudioVersion = 17.10.35027.167
MinimumVisualStudioVersion = 10.0.40219.1
Project("{FAE04EC0-301F-11D3-BF4B-00C04F79EFBC}") = "Symbol in Matrix", "Symbol in Matrix\Symbol in Matrix.csproj", "{3CDE7477-E60A-4DEB-A0CA-0FE04A15D4CF}"
EndProject
Global
	GlobalSection(SolutionConfigurationPlatforms) = preSolution
		Debug|Any CPU = Debug|Any CPU
		Release|Any CPU = Release|Any CPU
	EndGlobalSection
	GlobalSection(ProjectConfigurationPlatforms) = postSolution
		{3CDE7477-E60A-4DEB-A0CA-0FE04A15D4CF}.Debug|Any CPU.ActiveCfg = Debug|Any CPU
		{3CDE7477-E60A-4DEB-A0CA-0FE04A15D4CF}.Debug|Any CPU.Build.0 = Debug|Any CPU
		{3CDE7477-E60A-4DEB-A0CA-0FE04A15D4CF}.Release|Any CPU.ActiveCfg = Release|Any CPU
		{3CDE7477-E60A-4DEB-A0CA-0FE04A15D4CF}.Release|Any CPU.Build.0 = Release|Any CPU
	EndGlobalSection
	GlobalSection(SolutionProperties) = preSolution
		HideSolutionNode = FALSE
	EndGlobalSection
	GlobalSection(ExtensibilityGlobals) = postSolution
		SolutionGuid = {F4194CAA-EF0D-4746-9D5E-5D092E157F9B}
	EndGlobalSection
EndGlobal
