
Microsoft Visual Studio Solution File, Format Version 12.00
# Visual Studio Version 17
VisualStudioVersion = 17.10.35027.167
MinimumVisualStudioVersion = 10.0.40219.1
Project("{FAE04EC0-301F-11D3-BF4B-00C04F79EFBC}") = "Product Shop", "Product Shop\Product Shop.csproj", "{7D4DFC8A-659C-4394-BD50-A611A88B79EC}"
EndProject
Global
	GlobalSection(SolutionConfigurationPlatforms) = preSolution
		Debug|Any CPU = Debug|Any CPU
		Release|Any CPU = Release|Any CPU
	EndGlobalSection
	GlobalSection(ProjectConfigurationPlatforms) = postSolution
		{7D4DFC8A-659C-4394-BD50-A611A88B79EC}.Debug|Any CPU.ActiveCfg = Debug|Any CPU
		{7D4DFC8A-659C-4394-BD50-A611A88B79EC}.Debug|Any CPU.Build.0 = Debug|Any CPU
		{7D4DFC8A-659C-4394-BD50-A611A88B79EC}.Release|Any CPU.ActiveCfg = Release|Any CPU
		{7D4DFC8A-659C-4394-BD50-A611A88B79EC}.Release|Any CPU.Build.0 = Release|Any CPU
	EndGlobalSection
	GlobalSection(SolutionProperties) = preSolution
		HideSolutionNode = FALSE
	EndGlobalSection
	GlobalSection(ExtensibilityGlobals) = postSolution
		SolutionGuid = {13BEFC24-9B11-4A20-8F4D-9CFB8EEB6E11}
	EndGlobalSection
EndGlobal
