
Microsoft Visual Studio Solution File, Format Version 12.00
# Visual Studio Version 17
VisualStudioVersion = 17.10.35027.167
MinimumVisualStudioVersion = 10.0.40219.1
Project("{FAE04EC0-301F-11D3-BF4B-00C04F79EFBC}") = "Diagonal Difference", "Diagonal Difference\Diagonal Difference.csproj", "{EC5DB65D-CDF2-4CE4-9537-199BE9FD2CE2}"
EndProject
Global
	GlobalSection(SolutionConfigurationPlatforms) = preSolution
		Debug|Any CPU = Debug|Any CPU
		Release|Any CPU = Release|Any CPU
	EndGlobalSection
	GlobalSection(ProjectConfigurationPlatforms) = postSolution
		{EC5DB65D-CDF2-4CE4-9537-199BE9FD2CE2}.Debug|Any CPU.ActiveCfg = Debug|Any CPU
		{EC5DB65D-CDF2-4CE4-9537-199BE9FD2CE2}.Debug|Any CPU.Build.0 = Debug|Any CPU
		{EC5DB65D-CDF2-4CE4-9537-199BE9FD2CE2}.Release|Any CPU.ActiveCfg = Release|Any CPU
		{EC5DB65D-CDF2-4CE4-9537-199BE9FD2CE2}.Release|Any CPU.Build.0 = Release|Any CPU
	EndGlobalSection
	GlobalSection(SolutionProperties) = preSolution
		HideSolutionNode = FALSE
	EndGlobalSection
	GlobalSection(ExtensibilityGlobals) = postSolution
		SolutionGuid = {083789E4-060E-4D61-A6A0-B5661F7CEA9A}
	EndGlobalSection
EndGlobal
