
Microsoft Visual Studio Solution File, Format Version 12.00
# Visual Studio Version 17
VisualStudioVersion = 17.10.35027.167
MinimumVisualStudioVersion = 10.0.40219.1
Project("{FAE04EC0-301F-11D3-BF4B-00C04F79EFBC}") = "Predicate for Names", "Predicate for Names\Predicate for Names.csproj", "{EC99C998-8AFB-4952-B2E2-FED1210A23F0}"
EndProject
Global
	GlobalSection(SolutionConfigurationPlatforms) = preSolution
		Debug|Any CPU = Debug|Any CPU
		Release|Any CPU = Release|Any CPU
	EndGlobalSection
	GlobalSection(ProjectConfigurationPlatforms) = postSolution
		{EC99C998-8AFB-4952-B2E2-FED1210A23F0}.Debug|Any CPU.ActiveCfg = Debug|Any CPU
		{EC99C998-8AFB-4952-B2E2-FED1210A23F0}.Debug|Any CPU.Build.0 = Debug|Any CPU
		{EC99C998-8AFB-4952-B2E2-FED1210A23F0}.Release|Any CPU.ActiveCfg = Release|Any CPU
		{EC99C998-8AFB-4952-B2E2-FED1210A23F0}.Release|Any CPU.Build.0 = Release|Any CPU
	EndGlobalSection
	GlobalSection(SolutionProperties) = preSolution
		HideSolutionNode = FALSE
	EndGlobalSection
	GlobalSection(ExtensibilityGlobals) = postSolution
		SolutionGuid = {E62F1B45-A29E-4234-8B60-4F8AE70948FA}
	EndGlobalSection
EndGlobal
