
Microsoft Visual Studio Solution File, Format Version 12.00
# Visual Studio Version 17
VisualStudioVersion = 17.10.35027.167
MinimumVisualStudioVersion = 10.0.40219.1
Project("{FAE04EC0-301F-11D3-BF4B-00C04F79EFBC}") = "Sum Matrix Columns", "Sum Matrix Columns\Sum Matrix Columns.csproj", "{58E621DE-5F35-4323-A199-C51A2A6C1074}"
EndProject
Global
	GlobalSection(SolutionConfigurationPlatforms) = preSolution
		Debug|Any CPU = Debug|Any CPU
		Release|Any CPU = Release|Any CPU
	EndGlobalSection
	GlobalSection(ProjectConfigurationPlatforms) = postSolution
		{58E621DE-5F35-4323-A199-C51A2A6C1074}.Debug|Any CPU.ActiveCfg = Debug|Any CPU
		{58E621DE-5F35-4323-A199-C51A2A6C1074}.Debug|Any CPU.Build.0 = Debug|Any CPU
		{58E621DE-5F35-4323-A199-C51A2A6C1074}.Release|Any CPU.ActiveCfg = Release|Any CPU
		{58E621DE-5F35-4323-A199-C51A2A6C1074}.Release|Any CPU.Build.0 = Release|Any CPU
	EndGlobalSection
	GlobalSection(SolutionProperties) = preSolution
		HideSolutionNode = FALSE
	EndGlobalSection
	GlobalSection(ExtensibilityGlobals) = postSolution
		SolutionGuid = {239F0A2A-87DB-41A8-AB34-C5C35678E182}
	EndGlobalSection
EndGlobal
