
Microsoft Visual Studio Solution File, Format Version 12.00
# Visual Studio Version 17
VisualStudioVersion = 17.10.35027.167
MinimumVisualStudioVersion = 10.0.40219.1
Project("{FAE04EC0-301F-11D3-BF4B-00C04F79EFBC}") = "Knights of Honor", "Knights of Honor\Knights of Honor.csproj", "{77EB9371-150C-493B-AE02-C9164CABB64C}"
EndProject
Global
	GlobalSection(SolutionConfigurationPlatforms) = preSolution
		Debug|Any CPU = Debug|Any CPU
		Release|Any CPU = Release|Any CPU
	EndGlobalSection
	GlobalSection(ProjectConfigurationPlatforms) = postSolution
		{77EB9371-150C-493B-AE02-C9164CABB64C}.Debug|Any CPU.ActiveCfg = Debug|Any CPU
		{77EB9371-150C-493B-AE02-C9164CABB64C}.Debug|Any CPU.Build.0 = Debug|Any CPU
		{77EB9371-150C-493B-AE02-C9164CABB64C}.Release|Any CPU.ActiveCfg = Release|Any CPU
		{77EB9371-150C-493B-AE02-C9164CABB64C}.Release|Any CPU.Build.0 = Release|Any CPU
	EndGlobalSection
	GlobalSection(SolutionProperties) = preSolution
		HideSolutionNode = FALSE
	EndGlobalSection
	GlobalSection(ExtensibilityGlobals) = postSolution
		SolutionGuid = {E08F1DE6-9393-4579-B24A-F41FEFEE21E2}
	EndGlobalSection
EndGlobal
