
Microsoft Visual Studio Solution File, Format Version 12.00
# Visual Studio Version 17
VisualStudioVersion = 17.10.35027.167
MinimumVisualStudioVersion = 10.0.40219.1
Project("{FAE04EC0-301F-11D3-BF4B-00C04F79EFBC}") = "Basic Queue Operations", "Basic Queue Operations\Basic Queue Operations.csproj", "{F944B8A1-E7DD-4BB7-A10D-EA2D5CFEB6BA}"
EndProject
Global
	GlobalSection(SolutionConfigurationPlatforms) = preSolution
		Debug|Any CPU = Debug|Any CPU
		Release|Any CPU = Release|Any CPU
	EndGlobalSection
	GlobalSection(ProjectConfigurationPlatforms) = postSolution
		{F944B8A1-E7DD-4BB7-A10D-EA2D5CFEB6BA}.Debug|Any CPU.ActiveCfg = Debug|Any CPU
		{F944B8A1-E7DD-4BB7-A10D-EA2D5CFEB6BA}.Debug|Any CPU.Build.0 = Debug|Any CPU
		{F944B8A1-E7DD-4BB7-A10D-EA2D5CFEB6BA}.Release|Any CPU.ActiveCfg = Release|Any CPU
		{F944B8A1-E7DD-4BB7-A10D-EA2D5CFEB6BA}.Release|Any CPU.Build.0 = Release|Any CPU
	EndGlobalSection
	GlobalSection(SolutionProperties) = preSolution
		HideSolutionNode = FALSE
	EndGlobalSection
	GlobalSection(ExtensibilityGlobals) = postSolution
		SolutionGuid = {90382D14-4E13-460B-B253-68421E34C549}
	EndGlobalSection
EndGlobal
