
Microsoft Visual Studio Solution File, Format Version 12.00
# Visual Studio Version 17
VisualStudioVersion = 17.10.35027.167
MinimumVisualStudioVersion = 10.0.40219.1
Project("{FAE04EC0-301F-11D3-BF4B-00C04F79EFBC}") = "CarManufacturer", "Car\CarManufacturer.csproj", "{B3C65ABD-D58D-4CDD-B822-112C8C3C33A4}"
EndProject
Global
	GlobalSection(SolutionConfigurationPlatforms) = preSolution
		Debug|Any CPU = Debug|Any CPU
		Release|Any CPU = Release|Any CPU
	EndGlobalSection
	GlobalSection(ProjectConfigurationPlatforms) = postSolution
		{B3C65ABD-D58D-4CDD-B822-112C8C3C33A4}.Debug|Any CPU.ActiveCfg = Debug|Any CPU
		{B3C65ABD-D58D-4CDD-B822-112C8C3C33A4}.Debug|Any CPU.Build.0 = Debug|Any CPU
		{B3C65ABD-D58D-4CDD-B822-112C8C3C33A4}.Release|Any CPU.ActiveCfg = Release|Any CPU
		{B3C65ABD-D58D-4CDD-B822-112C8C3C33A4}.Release|Any CPU.Build.0 = Release|Any CPU
	EndGlobalSection
	GlobalSection(SolutionProperties) = preSolution
		HideSolutionNode = FALSE
	EndGlobalSection
	GlobalSection(ExtensibilityGlobals) = postSolution
		SolutionGuid = {183AD7EF-F5DD-4038-8120-7EE353B4AB1C}
	EndGlobalSection
EndGlobal
