
Microsoft Visual Studio Solution File, Format Version 12.00
# Visual Studio Version 17
VisualStudioVersion = 17.10.35027.167
MinimumVisualStudioVersion = 10.0.40219.1
Project("{FAE04EC0-301F-11D3-BF4B-00C04F79EFBC}") = "Average Student Grades", "Average Student Grades\Average Student Grades.csproj", "{7873366D-6FF5-44E7-B77D-DB6CAD1A286D}"
EndProject
Global
	GlobalSection(SolutionConfigurationPlatforms) = preSolution
		Debug|Any CPU = Debug|Any CPU
		Release|Any CPU = Release|Any CPU
	EndGlobalSection
	GlobalSection(ProjectConfigurationPlatforms) = postSolution
		{7873366D-6FF5-44E7-B77D-DB6CAD1A286D}.Debug|Any CPU.ActiveCfg = Debug|Any CPU
		{7873366D-6FF5-44E7-B77D-DB6CAD1A286D}.Debug|Any CPU.Build.0 = Debug|Any CPU
		{7873366D-6FF5-44E7-B77D-DB6CAD1A286D}.Release|Any CPU.ActiveCfg = Release|Any CPU
		{7873366D-6FF5-44E7-B77D-DB6CAD1A286D}.Release|Any CPU.Build.0 = Release|Any CPU
	EndGlobalSection
	GlobalSection(SolutionProperties) = preSolution
		HideSolutionNode = FALSE
	EndGlobalSection
	GlobalSection(ExtensibilityGlobals) = postSolution
		SolutionGuid = {33CBE1C1-AE8A-43D2-99CA-3F04BCD2CF66}
	EndGlobalSection
EndGlobal
