
Microsoft Visual Studio Solution File, Format Version 12.00
# Visual Studio Version 17
VisualStudioVersion = 17.10.35027.167
MinimumVisualStudioVersion = 10.0.40219.1
Project("{FAE04EC0-301F-11D3-BF4B-00C04F79EFBC}") = "Sort Even Numbers", "Sort Even Numbers\Sort Even Numbers.csproj", "{066FE661-06F6-4CA8-994F-E2B818052525}"
EndProject
Global
	GlobalSection(SolutionConfigurationPlatforms) = preSolution
		Debug|Any CPU = Debug|Any CPU
		Release|Any CPU = Release|Any CPU
	EndGlobalSection
	GlobalSection(ProjectConfigurationPlatforms) = postSolution
		{066FE661-06F6-4CA8-994F-E2B818052525}.Debug|Any CPU.ActiveCfg = Debug|Any CPU
		{066FE661-06F6-4CA8-994F-E2B818052525}.Debug|Any CPU.Build.0 = Debug|Any CPU
		{066FE661-06F6-4CA8-994F-E2B818052525}.Release|Any CPU.ActiveCfg = Release|Any CPU
		{066FE661-06F6-4CA8-994F-E2B818052525}.Release|Any CPU.Build.0 = Release|Any CPU
	EndGlobalSection
	GlobalSection(SolutionProperties) = preSolution
		HideSolutionNode = FALSE
	EndGlobalSection
	GlobalSection(ExtensibilityGlobals) = postSolution
		SolutionGuid = {EA4DE2F6-3ADD-4FD8-BA27-5813FAD9EF36}
	EndGlobalSection
EndGlobal
