
Microsoft Visual Studio Solution File, Format Version 12.00
# Visual Studio Version 17
VisualStudioVersion = 17.10.35027.167
MinimumVisualStudioVersion = 10.0.40219.1
Project("{FAE04EC0-301F-11D3-BF4B-00C04F79EFBC}") = "Find Evens or Odds", "Find Evens or Odds\Find Evens or Odds.csproj", "{4E2AAB93-A66D-49F5-8204-02A6F6A76B58}"
EndProject
Global
	GlobalSection(SolutionConfigurationPlatforms) = preSolution
		Debug|Any CPU = Debug|Any CPU
		Release|Any CPU = Release|Any CPU
	EndGlobalSection
	GlobalSection(ProjectConfigurationPlatforms) = postSolution
		{4E2AAB93-A66D-49F5-8204-02A6F6A76B58}.Debug|Any CPU.ActiveCfg = Debug|Any CPU
		{4E2AAB93-A66D-49F5-8204-02A6F6A76B58}.Debug|Any CPU.Build.0 = Debug|Any CPU
		{4E2AAB93-A66D-49F5-8204-02A6F6A76B58}.Release|Any CPU.ActiveCfg = Release|Any CPU
		{4E2AAB93-A66D-49F5-8204-02A6F6A76B58}.Release|Any CPU.Build.0 = Release|Any CPU
	EndGlobalSection
	GlobalSection(SolutionProperties) = preSolution
		HideSolutionNode = FALSE
	EndGlobalSection
	GlobalSection(ExtensibilityGlobals) = postSolution
		SolutionGuid = {AEA2C995-3001-4512-A840-1930DE08A0F7}
	EndGlobalSection
EndGlobal
