
Microsoft Visual Studio Solution File, Format Version 12.00
# Visual Studio Version 17
VisualStudioVersion = 17.10.35027.167
MinimumVisualStudioVersion = 10.0.40219.1
Project("{FAE04EC0-301F-11D3-BF4B-00C04F79EFBC}") = "RawData", "Raw Data\RawData.csproj", "{A9C9110E-3404-4957-A1D1-2E63578FB04E}"
EndProject
Global
	GlobalSection(SolutionConfigurationPlatforms) = preSolution
		Debug|Any CPU = Debug|Any CPU
		Release|Any CPU = Release|Any CPU
	EndGlobalSection
	GlobalSection(ProjectConfigurationPlatforms) = postSolution
		{A9C9110E-3404-4957-A1D1-2E63578FB04E}.Debug|Any CPU.ActiveCfg = Debug|Any CPU
		{A9C9110E-3404-4957-A1D1-2E63578FB04E}.Debug|Any CPU.Build.0 = Debug|Any CPU
		{A9C9110E-3404-4957-A1D1-2E63578FB04E}.Release|Any CPU.ActiveCfg = Release|Any CPU
		{A9C9110E-3404-4957-A1D1-2E63578FB04E}.Release|Any CPU.Build.0 = Release|Any CPU
	EndGlobalSection
	GlobalSection(SolutionProperties) = preSolution
		HideSolutionNode = FALSE
	EndGlobalSection
	GlobalSection(ExtensibilityGlobals) = postSolution
		SolutionGuid = {D7C0CD15-2001-43D0-A049-FF3D01ED24B8}
	EndGlobalSection
EndGlobal
