
Microsoft Visual Studio Solution File, Format Version 12.00
# Visual Studio Version 17
VisualStudioVersion = 17.10.35027.167
MinimumVisualStudioVersion = 10.0.40219.1
Project("{FAE04EC0-301F-11D3-BF4B-00C04F79EFBC}") = "Maximum and Minimum Element", "Maximum and Minimum Element\Maximum and Minimum Element.csproj", "{F7CAE65A-7BC1-44BD-AA28-2A3D2DE29864}"
EndProject
Global
	GlobalSection(SolutionConfigurationPlatforms) = preSolution
		Debug|Any CPU = Debug|Any CPU
		Release|Any CPU = Release|Any CPU
	EndGlobalSection
	GlobalSection(ProjectConfigurationPlatforms) = postSolution
		{F7CAE65A-7BC1-44BD-AA28-2A3D2DE29864}.Debug|Any CPU.ActiveCfg = Debug|Any CPU
		{F7CAE65A-7BC1-44BD-AA28-2A3D2DE29864}.Debug|Any CPU.Build.0 = Debug|Any CPU
		{F7CAE65A-7BC1-44BD-AA28-2A3D2DE29864}.Release|Any CPU.ActiveCfg = Release|Any CPU
		{F7CAE65A-7BC1-44BD-AA28-2A3D2DE29864}.Release|Any CPU.Build.0 = Release|Any CPU
	EndGlobalSection
	GlobalSection(SolutionProperties) = preSolution
		HideSolutionNode = FALSE
	EndGlobalSection
	GlobalSection(ExtensibilityGlobals) = postSolution
		SolutionGuid = {7230E6B9-88B0-43E7-B7C2-195D291ABD14}
	EndGlobalSection
EndGlobal
