
Microsoft Visual Studio Solution File, Format Version 12.00
# Visual Studio Version 17
VisualStudioVersion = 17.10.35027.167
MinimumVisualStudioVersion = 10.0.40219.1
Project("{FAE04EC0-301F-11D3-BF4B-00C04F79EFBC}") = "BoxofT", "Box of T\BoxofT.csproj", "{16BC41FE-389F-42D2-B7E6-179A05E4516C}"
EndProject
Global
	GlobalSection(SolutionConfigurationPlatforms) = preSolution
		Debug|Any CPU = Debug|Any CPU
		Release|Any CPU = Release|Any CPU
	EndGlobalSection
	GlobalSection(ProjectConfigurationPlatforms) = postSolution
		{16BC41FE-389F-42D2-B7E6-179A05E4516C}.Debug|Any CPU.ActiveCfg = Debug|Any CPU
		{16BC41FE-389F-42D2-B7E6-179A05E4516C}.Debug|Any CPU.Build.0 = Debug|Any CPU
		{16BC41FE-389F-42D2-B7E6-179A05E4516C}.Release|Any CPU.ActiveCfg = Release|Any CPU
		{16BC41FE-389F-42D2-B7E6-179A05E4516C}.Release|Any CPU.Build.0 = Release|Any CPU
	EndGlobalSection
	GlobalSection(SolutionProperties) = preSolution
		HideSolutionNode = FALSE
	EndGlobalSection
	GlobalSection(ExtensibilityGlobals) = postSolution
		SolutionGuid = {55CC2313-B3C3-4F5C-A6FD-2EF77331D925}
	EndGlobalSection
EndGlobal
